
Microsoft Visual Studio Solution File, Format Version 12.00
# Visual Studio Version 16
VisualStudioVersion = 16.0.32630.194
MinimumVisualStudioVersion = 10.0.40219.1
Project("{FAE04EC0-301F-11D3-BF4B-00C04F79EFBC}") = "Indian-State-Census-Analyser", "Indian-State-Census-Analyser.csproj", "{60553B23-A475-4C8E-997C-4EB746C5309B}"
EndProject
Global
	GlobalSection(SolutionConfigurationPlatforms) = preSolution
		Debug|Any CPU = Debug|Any CPU
		Release|Any CPU = Release|Any CPU
	EndGlobalSection
	GlobalSection(ProjectConfigurationPlatforms) = postSolution
		{60553B23-A475-4C8E-997C-4EB746C5309B}.Debug|Any CPU.ActiveCfg = Debug|Any CPU
		{60553B23-A475-4C8E-997C-4EB746C5309B}.Debug|Any CPU.Build.0 = Debug|Any CPU
		{60553B23-A475-4C8E-997C-4EB746C5309B}.Release|Any CPU.ActiveCfg = Release|Any CPU
		{60553B23-A475-4C8E-997C-4EB746C5309B}.Release|Any CPU.Build.0 = Release|Any CPU
	EndGlobalSection
	GlobalSection(SolutionProperties) = preSolution
		HideSolutionNode = FALSE
	EndGlobalSection
	GlobalSection(ExtensibilityGlobals) = postSolution
		SolutionGuid = {4D443275-2FAA-4CAB-8B3E-1F25E4B4A542}
	EndGlobalSection
EndGlobal
